// !$*UTF8*$!
{
	archiveVersion = 1;
	classes = {
	};
	objectVersion = 55;
	objects = {

/* Begin PBXBuildFile section */
		CBE89B882731D70600B39B26 /* ovn_v9App.swift in Sources */ = {isa = PBXBuildFile; fileRef = CBE89B872731D70600B39B26 /* ovn_v9App.swift */; };
		CBE89B8A2731D70600B39B26 /* ContentView.swift in Sources */ = {isa = PBXBuildFile; fileRef = CBE89B892731D70600B39B26 /* ContentView.swift */; };
		CBE89B8C2731D70900B39B26 /* Assets.xcassets in Resources */ = {isa = PBXBuildFile; fileRef = CBE89B8B2731D70900B39B26 /* Assets.xcassets */; };
		CBE89B8F2731D70900B39B26 /* Preview Assets.xcassets in Resources */ = {isa = PBXBuildFile; fileRef = CBE89B8E2731D70900B39B26 /* Preview Assets.xcassets */; };
		CBE89B992731D70900B39B26 /* ovn_v9Tests.swift in Sources */ = {isa = PBXBuildFile; fileRef = CBE89B982731D70900B39B26 /* ovn_v9Tests.swift */; };
		CBE89BA32731D70900B39B26 /* ovn_v9UITests.swift in Sources */ = {isa = PBXBuildFile; fileRef = CBE89BA22731D70900B39B26 /* ovn_v9UITests.swift */; };
		CBE89BA52731D70900B39B26 /* ovn_v9UITestsLaunchTests.swift in Sources */ = {isa = PBXBuildFile; fileRef = CBE89BA42731D70900B39B26 /* ovn_v9UITestsLaunchTests.swift */; };
/* End PBXBuildFile section */

/* Begin PBXContainerItemProxy section */
		CBE89B952731D70900B39B26 /* PBXContainerItemProxy */ = {
			isa = PBXContainerItemProxy;
			containerPortal = CBE89B7C2731D70600B39B26 /* Project object */;
			proxyType = 1;
			remoteGlobalIDString = CBE89B832731D70600B39B26;
			remoteInfo = ovn_v9;
		};
		CBE89B9F2731D70900B39B26 /* PBXContainerItemProxy */ = {
			isa = PBXContainerItemProxy;
			containerPortal = CBE89B7C2731D70600B39B26 /* Project object */;
			proxyType = 1;
			remoteGlobalIDString = CBE89B832731D70600B39B26;
			remoteInfo = ovn_v9;
		};
/* End PBXContainerItemProxy section */

/* Begin PBXFileReference section */
		CBE89B842731D70600B39B26 /* ovn_v9.app */ = {isa = PBXFileReference; explicitFileType = wrapper.application; includeInIndex = 0; path = ovn_v9.app; sourceTree = BUILT_PRODUCTS_DIR; };
		CBE89B872731D70600B39B26 /* ovn_v9App.swift */ = {isa = PBXFileReference; lastKnownFileType = sourcecode.swift; path = ovn_v9App.swift; sourceTree = "<group>"; };
		CBE89B892731D70600B39B26 /* ContentView.swift */ = {isa = PBXFileReference; lastKnownFileType = sourcecode.swift; path = ContentView.swift; sourceTree = "<group>"; };
		CBE89B8B2731D70900B39B26 /* Assets.xcassets */ = {isa = PBXFileReference; lastKnownFileType = folder.assetcatalog; path = Assets.xcassets; sourceTree = "<group>"; };
		CBE89B8E2731D70900B39B26 /* Preview Assets.xcassets */ = {isa = PBXFileReference; lastKnownFileType = folder.assetcatalog; path = "Preview Assets.xcassets"; sourceTree = "<group>"; };
		CBE89B942731D70900B39B26 /* ovn_v9Tests.xctest */ = {isa = PBXFileReference; explicitFileType = wrapper.cfbundle; includeInIndex = 0; path = ovn_v9Tests.xctest; sourceTree = BUILT_PRODUCTS_DIR; };
		CBE89B982731D70900B39B26 /* ovn_v9Tests.swift */ = {isa = PBXFileReference; lastKnownFileType = sourcecode.swift; path = ovn_v9Tests.swift; sourceTree = "<group>"; };
		CBE89B9E2731D70900B39B26 /* ovn_v9UITests.xctest */ = {isa = PBXFileReference; explicitFileType = wrapper.cfbundle; includeInIndex = 0; path = ovn_v9UITests.xctest; sourceTree = BUILT_PRODUCTS_DIR; };
		CBE89BA22731D70900B39B26 /* ovn_v9UITests.swift */ = {isa = PBXFileReference; lastKnownFileType = sourcecode.swift; path = ovn_v9UITests.swift; sourceTree = "<group>"; };
		CBE89BA42731D70900B39B26 /* ovn_v9UITestsLaunchTests.swift */ = {isa = PBXFileReference; lastKnownFileType = sourcecode.swift; path = ovn_v9UITestsLaunchTests.swift; sourceTree = "<group>"; };
/* End PBXFileReference section */

/* Begin PBXFrameworksBuildPhase section */
		CBE89B812731D70600B39B26 /* Frameworks */ = {
			isa = PBXFrameworksBuildPhase;
			buildActionMask = 2147483647;
			files = (
			);
			runOnlyForDeploymentPostprocessing = 0;
		};
		CBE89B912731D70900B39B26 /* Frameworks */ = {
			isa = PBXFrameworksBuildPhase;
			buildActionMask = 2147483647;
			files = (
			);
			runOnlyForDeploymentPostprocessing = 0;
		};
		CBE89B9B2731D70900B39B26 /* Frameworks */ = {
			isa = PBXFrameworksBuildPhase;
			buildActionMask = 2147483647;
			files = (
			);
			runOnlyForDeploymentPostprocessing = 0;
		};
/* End PBXFrameworksBuildPhase section */

/* Begin PBXGroup section */
		CBE89B7B2731D70600B39B26 = {
			isa = PBXGroup;
			children = (
				CBE89B862731D70600B39B26 /* ovn_v9 */,
				CBE89B972731D70900B39B26 /* ovn_v9Tests */,
				CBE89BA12731D70900B39B26 /* ovn_v9UITests */,
				CBE89B852731D70600B39B26 /* Products */,
			);
			sourceTree = "<group>";
		};
		CBE89B852731D70600B39B26 /* Products */ = {
			isa = PBXGroup;
			children = (
				CBE89B842731D70600B39B26 /* ovn_v9.app */,
				CBE89B942731D70900B39B26 /* ovn_v9Tests.xctest */,
				CBE89B9E2731D70900B39B26 /* ovn_v9UITests.xctest */,
			);
			name = Products;
			sourceTree = "<group>";
		};
		CBE89B862731D70600B39B26 /* ovn_v9 */ = {
			isa = PBXGroup;
			children = (
				CBE89B872731D70600B39B26 /* ovn_v9App.swift */,
				CBE89B892731D70600B39B26 /* ContentView.swift */,
				CBE89B8B2731D70900B39B26 /* Assets.xcassets */,
				CBE89B8D2731D70900B39B26 /* Preview Content */,
			);
			path = ovn_v9;
			sourceTree = "<group>";
		};
		CBE89B8D2731D70900B39B26 /* Preview Content */ = {
			isa = PBXGroup;
			children = (
				CBE89B8E2731D70900B39B26 /* Preview Assets.xcassets */,
			);
			path = "Preview Content";
			sourceTree = "<group>";
		};
		CBE89B972731D70900B39B26 /* ovn_v9Tests */ = {
			isa = PBXGroup;
			children = (
				CBE89B982731D70900B39B26 /* ovn_v9Tests.swift */,
			);
			path = ovn_v9Tests;
			sourceTree = "<group>";
		};
		CBE89BA12731D70900B39B26 /* ovn_v9UITests */ = {
			isa = PBXGroup;
			children = (
				CBE89BA22731D70900B39B26 /* ovn_v9UITests.swift */,
				CBE89BA42731D70900B39B26 /* ovn_v9UITestsLaunchTests.swift */,
			);
			path = ovn_v9UITests;
			sourceTree = "<group>";
		};
/* End PBXGroup section */

/* Begin PBXNativeTarget section */
		CBE89B832731D70600B39B26 /* ovn_v9 */ = {
			isa = PBXNativeTarget;
			buildConfigurationList = CBE89BA82731D70900B39B26 /* Build configuration list for PBXNativeTarget "ovn_v9" */;
			buildPhases = (
				CBE89B802731D70600B39B26 /* Sources */,
				CBE89B812731D70600B39B26 /* Frameworks */,
				CBE89B822731D70600B39B26 /* Resources */,
			);
			buildRules = (
			);
			dependencies = (
			);
			name = ovn_v9;
			productName = ovn_v9;
			productReference = CBE89B842731D70600B39B26 /* ovn_v9.app */;
			productType = "com.apple.product-type.application";
		};
		CBE89B932731D70900B39B26 /* ovn_v9Tests */ = {
			isa = PBXNativeTarget;
			buildConfigurationList = CBE89BAB2731D70900B39B26 /* Build configuration list for PBXNativeTarget "ovn_v9Tests" */;
			buildPhases = (
				CBE89B902731D70900B39B26 /* Sources */,
				CBE89B912731D70900B39B26 /* Frameworks */,
				CBE89B922731D70900B39B26 /* Resources */,
			);
			buildRules = (
			);
			dependencies = (
				CBE89B962731D70900B39B26 /* PBXTargetDependency */,
			);
			name = ovn_v9Tests;
			productName = ovn_v9Tests;
			productReference = CBE89B942731D70900B39B26 /* ovn_v9Tests.xctest */;
			productType = "com.apple.product-type.bundle.unit-test";
		};
		CBE89B9D2731D70900B39B26 /* ovn_v9UITests */ = {
			isa = PBXNativeTarget;
			buildConfigurationList = CBE89BAE2731D70900B39B26 /* Build configuration list for PBXNativeTarget "ovn_v9UITests" */;
			buildPhases = (
				CBE89B9A2731D70900B39B26 /* Sources */,
				CBE89B9B2731D70900B39B26 /* Frameworks */,
				CBE89B9C2731D70900B39B26 /* Resources */,
			);
			buildRules = (
			);
			dependencies = (
				CBE89BA02731D70900B39B26 /* PBXTargetDependency */,
			);
			name = ovn_v9UITests;
			productName = ovn_v9UITests;
			productReference = CBE89B9E2731D70900B39B26 /* ovn_v9UITests.xctest */;
			productType = "com.apple.product-type.bundle.ui-testing";
		};
/* End PBXNativeTarget section */

/* Begin PBXProject section */
		CBE89B7C2731D70600B39B26 /* Project object */ = {
			isa = PBXProject;
			attributes = {
				BuildIndependentTargetsInParallel = 1;
				LastSwiftUpdateCheck = 1310;
				LastUpgradeCheck = 1310;
				TargetAttributes = {
					CBE89B832731D70600B39B26 = {
						CreatedOnToolsVersion = 13.1;
					};
					CBE89B932731D70900B39B26 = {
						CreatedOnToolsVersion = 13.1;
						TestTargetID = CBE89B832731D70600B39B26;
					};
					CBE89B9D2731D70900B39B26 = {
						CreatedOnToolsVersion = 13.1;
						TestTargetID = CBE89B832731D70600B39B26;
					};
				};
			};
			buildConfigurationList = CBE89B7F2731D70600B39B26 /* Build configuration list for PBXProject "ovn_v9" */;
			compatibilityVersion = "Xcode 13.0";
			developmentRegion = en;
			hasScannedForEncodings = 0;
			knownRegions = (
				en,
				Base,
			);
			mainGroup = CBE89B7B2731D70600B39B26;
			productRefGroup = CBE89B852731D70600B39B26 /* Products */;
			projectDirPath = "";
			projectRoot = "";
			targets = (
				CBE89B832731D70600B39B26 /* ovn_v9 */,
				CBE89B932731D70900B39B26 /* ovn_v9Tests */,
				CBE89B9D2731D70900B39B26 /* ovn_v9UITests */,
			);
		};
/* End PBXProject section */

/* Begin PBXResourcesBuildPhase section */
		CBE89B822731D70600B39B26 /* Resources */ = {
			isa = PBXResourcesBuildPhase;
			buildActionMask = 2147483647;
			files = (
				CBE89B8F2731D70900B39B26 /* Preview Assets.xcassets in Resources */,
				CBE89B8C2731D70900B39B26 /* Assets.xcassets in Resources */,
			);
			runOnlyForDeploymentPostprocessing = 0;
		};
		CBE89B922731D70900B39B26 /* Resources */ = {
			isa = PBXResourcesBuildPhase;
			buildActionMask = 2147483647;
			files = (
			);
			runOnlyForDeploymentPostprocessing = 0;
		};
		CBE89B9C2731D70900B39B26 /* Resources */ = {
			isa = PBXResourcesBuildPhase;
			buildActionMask = 2147483647;
			files = (
			);
			runOnlyForDeploymentPostprocessing = 0;
		};
/* End PBXResourcesBuildPhase section */

/* Begin PBXSourcesBuildPhase section */
		CBE89B802731D70600B39B26 /* Sources */ = {
			isa = PBXSourcesBuildPhase;
			buildActionMask = 2147483647;
			files = (
				CBE89B8A2731D70600B39B26 /* ContentView.swift in Sources */,
				CBE89B882731D70600B39B26 /* ovn_v9App.swift in Sources */,
			);
			runOnlyForDeploymentPostprocessing = 0;
		};
		CBE89B902731D70900B39B26 /* Sources */ = {
			isa = PBXSourcesBuildPhase;
			buildActionMask = 2147483647;
			files = (
				CBE89B992731D70900B39B26 /* ovn_v9Tests.swift in Sources */,
			);
			runOnlyForDeploymentPostprocessing = 0;
		};
		CBE89B9A2731D70900B39B26 /* Sources */ = {
			isa = PBXSourcesBuildPhase;
			buildActionMask = 2147483647;
			files = (
				CBE89BA32731D70900B39B26 /* ovn_v9UITests.swift in Sources */,
				CBE89BA52731D70900B39B26 /* ovn_v9UITestsLaunchTests.swift in Sources */,
			);
			runOnlyForDeploymentPostprocessing = 0;
		};
/* End PBXSourcesBuildPhase section */

/* Begin PBXTargetDependency section */
		CBE89B962731D70900B39B26 /* PBXTargetDependency */ = {
			isa = PBXTargetDependency;
			target = CBE89B832731D70600B39B26 /* ovn_v9 */;
			targetProxy = CBE89B952731D70900B39B26 /* PBXContainerItemProxy */;
		};
		CBE89BA02731D70900B39B26 /* PBXTargetDependency */ = {
			isa = PBXTargetDependency;
			target = CBE89B832731D70600B39B26 /* ovn_v9 */;
			targetProxy = CBE89B9F2731D70900B39B26 /* PBXContainerItemProxy */;
		};
/* End PBXTargetDependency section */

/* Begin XCBuildConfiguration section */
		CBE89BA62731D70900B39B26 /* Debug */ = {
			isa = XCBuildConfiguration;
			buildSettings = {
				ALWAYS_SEARCH_USER_PATHS = NO;
				CLANG_ANALYZER_NONNULL = YES;
				CLANG_ANALYZER_NUMBER_OBJECT_CONVERSION = YES_AGGRESSIVE;
				CLANG_CXX_LANGUAGE_STANDARD = "gnu++17";
				CLANG_CXX_LIBRARY = "libc++";
				CLANG_ENABLE_MODULES = YES;
				CLANG_ENABLE_OBJC_ARC = YES;
				CLANG_ENABLE_OBJC_WEAK = YES;
				CLANG_WARN_BLOCK_CAPTURE_AUTORELEASING = YES;
				CLANG_WARN_BOOL_CONVERSION = YES;
				CLANG_WARN_COMMA = YES;
				CLANG_WARN_CONSTANT_CONVERSION = YES;
				CLANG_WARN_DEPRECATED_OBJC_IMPLEMENTATIONS = YES;
				CLANG_WARN_DIRECT_OBJC_ISA_USAGE = YES_ERROR;
				CLANG_WARN_DOCUMENTATION_COMMENTS = YES;
				CLANG_WARN_EMPTY_BODY = YES;
				CLANG_WARN_ENUM_CONVERSION = YES;
				CLANG_WARN_INFINITE_RECURSION = YES;
				CLANG_WARN_INT_CONVERSION = YES;
				CLANG_WARN_NON_LITERAL_NULL_CONVERSION = YES;
				CLANG_WARN_OBJC_IMPLICIT_RETAIN_SELF = YES;
				CLANG_WARN_OBJC_LITERAL_CONVERSION = YES;
				CLANG_WARN_OBJC_ROOT_CLASS = YES_ERROR;
				CLANG_WARN_QUOTED_INCLUDE_IN_FRAMEWORK_HEADER = YES;
				CLANG_WARN_RANGE_LOOP_ANALYSIS = YES;
				CLANG_WARN_STRICT_PROTOTYPES = YES;
				CLANG_WARN_SUSPICIOUS_MOVE = YES;
				CLANG_WARN_UNGUARDED_AVAILABILITY = YES_AGGRESSIVE;
				CLANG_WARN_UNREACHABLE_CODE = YES;
				CLANG_WARN__DUPLICATE_METHOD_MATCH = YES;
				COPY_PHASE_STRIP = NO;
				DEBUG_INFORMATION_FORMAT = dwarf;
				ENABLE_STRICT_OBJC_MSGSEND = YES;
				ENABLE_TESTABILITY = YES;
				GCC_C_LANGUAGE_STANDARD = gnu11;
				GCC_DYNAMIC_NO_PIC = NO;
				GCC_NO_COMMON_BLOCKS = YES;
				GCC_OPTIMIZATION_LEVEL = 0;
				GCC_PREPROCESSOR_DEFINITIONS = (
					"DEBUG=1",
					"$(inherited)",
				);
				GCC_WARN_64_TO_32_BIT_CONVERSION = YES;
				GCC_WARN_ABOUT_RETURN_TYPE = YES_ERROR;
				GCC_WARN_UNDECLARED_SELECTOR = YES;
				GCC_WARN_UNINITIALIZED_AUTOS = YES_AGGRESSIVE;
				GCC_WARN_UNUSED_FUNCTION = YES;
				GCC_WARN_UNUSED_VARIABLE = YES;
				IPHONEOS_DEPLOYMENT_TARGET = 15.0;
				MTL_ENABLE_DEBUG_INFO = INCLUDE_SOURCE;
				MTL_FAST_MATH = YES;
				ONLY_ACTIVE_ARCH = YES;
				SDKROOT = iphoneos;
				SWIFT_ACTIVE_COMPILATION_CONDITIONS = DEBUG;
				SWIFT_OPTIMIZATION_LEVEL = "-Onone";
			};
			name = Debug;
		};
		CBE89BA72731D70900B39B26 /* Release */ = {
			isa = XCBuildConfiguration;
			buildSettings = {
				ALWAYS_SEARCH_USER_PATHS = NO;
				CLANG_ANALYZER_NONNULL = YES;
				CLANG_ANALYZER_NUMBER_OBJECT_CONVERSION = YES_AGGRESSIVE;
				CLANG_CXX_LANGUAGE_STANDARD = "gnu++17";
				CLANG_CXX_LIBRARY = "libc++";
				CLANG_ENABLE_MODULES = YES;
				CLANG_ENABLE_OBJC_ARC = YES;
				CLANG_ENABLE_OBJC_WEAK = YES;
				CLANG_WARN_BLOCK_CAPTURE_AUTORELEASING = YES;
				CLANG_WARN_BOOL_CONVERSION = YES;
				CLANG_WARN_COMMA = YES;
				CLANG_WARN_CONSTANT_CONVERSION = YES;
				CLANG_WARN_DEPRECATED_OBJC_IMPLEMENTATIONS = YES;
				CLANG_WARN_DIRECT_OBJC_ISA_USAGE = YES_ERROR;
				CLANG_WARN_DOCUMENTATION_COMMENTS = YES;
				CLANG_WARN_EMPTY_BODY = YES;
				CLANG_WARN_ENUM_CONVERSION = YES;
				CLANG_WARN_INFINITE_RECURSION = YES;
				CLANG_WARN_INT_CONVERSION = YES;
				CLANG_WARN_NON_LITERAL_NULL_CONVERSION = YES;
				CLANG_WARN_OBJC_IMPLICIT_RETAIN_SELF = YES;
				CLANG_WARN_OBJC_LITERAL_CONVERSION = YES;
				CLANG_WARN_OBJC_ROOT_CLASS = YES_ERROR;
				CLANG_WARN_QUOTED_INCLUDE_IN_FRAMEWORK_HEADER = YES;
				CLANG_WARN_RANGE_LOOP_ANALYSIS = YES;
				CLANG_WARN_STRICT_PROTOTYPES = YES;
				CLANG_WARN_SUSPICIOUS_MOVE = YES;
				CLANG_WARN_UNGUARDED_AVAILABILITY = YES_AGGRESSIVE;
				CLANG_WARN_UNREACHABLE_CODE = YES;
				CLANG_WARN__DUPLICATE_METHOD_MATCH = YES;
				COPY_PHASE_STRIP = NO;
				DEBUG_INFORMATION_FORMAT = "dwarf-with-dsym";
				ENABLE_NS_ASSERTIONS = NO;
				ENABLE_STRICT_OBJC_MSGSEND = YES;
				GCC_C_LANGUAGE_STANDARD = gnu11;
				GCC_NO_COMMON_BLOCKS = YES;
				GCC_WARN_64_TO_32_BIT_CONVERSION = YES;
				GCC_WARN_ABOUT_RETURN_TYPE = YES_ERROR;
				GCC_WARN_UNDECLARED_SELECTOR = YES;
				GCC_WARN_UNINITIALIZED_AUTOS = YES_AGGRESSIVE;
				GCC_WARN_UNUSED_FUNCTION = YES;
				GCC_WARN_UNUSED_VARIABLE = YES;
				IPHONEOS_DEPLOYMENT_TARGET = 15.0;
				MTL_ENABLE_DEBUG_INFO = NO;
				MTL_FAST_MATH = YES;
				SDKROOT = iphoneos;
				SWIFT_COMPILATION_MODE = wholemodule;
				SWIFT_OPTIMIZATION_LEVEL = "-O";
				VALIDATE_PRODUCT = YES;
			};
			name = Release;
		};
		CBE89BA92731D70900B39B26 /* Debug */ = {
			isa = XCBuildConfiguration;
			buildSettings = {
				ASSETCATALOG_COMPILER_APPICON_NAME = AppIcon;
				ASSETCATALOG_COMPILER_GLOBAL_ACCENT_COLOR_NAME = AccentColor;
				CODE_SIGN_STYLE = Automatic;
				CURRENT_PROJECT_VERSION = 1;
				DEVELOPMENT_ASSET_PATHS = "\"ovn_v9/Preview Content\"";
				DEVELOPMENT_TEAM = P83R9MUUYN;
				ENABLE_PREVIEWS = YES;
				GENERATE_INFOPLIST_FILE = YES;
				INFOPLIST_KEY_UIApplicationSceneManifest_Generation = YES;
				INFOPLIST_KEY_UIApplicationSupportsIndirectInputEvents = YES;
				INFOPLIST_KEY_UILaunchScreen_Generation = YES;
				INFOPLIST_KEY_UISupportedInterfaceOrientations_iPad = "UIInterfaceOrientationPortrait UIInterfaceOrientationPortraitUpsideDown UIInterfaceOrientationLandscapeLeft UIInterfaceOrientationLandscapeRight";
				INFOPLIST_KEY_UISupportedInterfaceOrientations_iPhone = "UIInterfaceOrientationPortrait UIInterfaceOrientationLandscapeLeft UIInterfaceOrientationLandscapeRight";
				LD_RUNPATH_SEARCH_PATHS = (
					"$(inherited)",
					"@executable_path/Frameworks",
				);
				MARKETING_VERSION = 1.0;
				PRODUCT_BUNDLE_IDENTIFIER = "se.dagan.ovn-v9";
				PRODUCT_NAME = "$(TARGET_NAME)";
				SWIFT_EMIT_LOC_STRINGS = YES;
				SWIFT_VERSION = 5.0;
				TARGETED_DEVICE_FAMILY = "1,2";
			};
			name = Debug;
		};
		CBE89BAA2731D70900B39B26 /* Release */ = {
			isa = XCBuildConfiguration;
			buildSettings = {
				ASSETCATALOG_COMPILER_APPICON_NAME = AppIcon;
				ASSETCATALOG_COMPILER_GLOBAL_ACCENT_COLOR_NAME = AccentColor;
				CODE_SIGN_STYLE = Automatic;
				CURRENT_PROJECT_VERSION = 1;
				DEVELOPMENT_ASSET_PATHS = "\"ovn_v9/Preview Content\"";
				DEVELOPMENT_TEAM = P83R9MUUYN;
				ENABLE_PREVIEWS = YES;
				GENERATE_INFOPLIST_FILE = YES;
				INFOPLIST_KEY_UIApplicationSceneManifest_Generation = YES;
				INFOPLIST_KEY_UIApplicationSupportsIndirectInputEvents = YES;
				INFOPLIST_KEY_UILaunchScreen_Generation = YES;
				INFOPLIST_KEY_UISupportedInterfaceOrientations_iPad = "UIInterfaceOrientationPortrait UIInterfaceOrientationPortraitUpsideDown UIInterfaceOrientationLandscapeLeft UIInterfaceOrientationLandscapeRight";
				INFOPLIST_KEY_UISupportedInterfaceOrientations_iPhone = "UIInterfaceOrientationPortrait UIInterfaceOrientationLandscapeLeft UIInterfaceOrientationLandscapeRight";
				LD_RUNPATH_SEARCH_PATHS = (
					"$(inherited)",
					"@executable_path/Frameworks",
				);
				MARKETING_VERSION = 1.0;
				PRODUCT_BUNDLE_IDENTIFIER = "se.dagan.ovn-v9";
				PRODUCT_NAME = "$(TARGET_NAME)";
				SWIFT_EMIT_LOC_STRINGS = YES;
				SWIFT_VERSION = 5.0;
				TARGETED_DEVICE_FAMILY = "1,2";
			};
			name = Release;
		};
		CBE89BAC2731D70900B39B26 /* Debug */ = {
			isa = XCBuildConfiguration;
			buildSettings = {
				ALWAYS_EMBED_SWIFT_STANDARD_LIBRARIES = YES;
				BUNDLE_LOADER = "$(TEST_HOST)";
				CODE_SIGN_STYLE = Automatic;
				CURRENT_PROJECT_VERSION = 1;
				DEVELOPMENT_TEAM = P83R9MUUYN;
				GENERATE_INFOPLIST_FILE = YES;
				IPHONEOS_DEPLOYMENT_TARGET = 15.0;
				LD_RUNPATH_SEARCH_PATHS = (
					"$(inherited)",
					"@executable_path/Frameworks",
					"@loader_path/Frameworks",
				);
				MARKETING_VERSION = 1.0;
				PRODUCT_BUNDLE_IDENTIFIER = "se.dagan.ovn-v9Tests";
				PRODUCT_NAME = "$(TARGET_NAME)";
				SWIFT_EMIT_LOC_STRINGS = NO;
				SWIFT_VERSION = 5.0;
				TARGETED_DEVICE_FAMILY = "1,2";
				TEST_HOST = "$(BUILT_PRODUCTS_DIR)/ovn_v9.app/ovn_v9";
			};
			name = Debug;
		};
		CBE89BAD2731D70900B39B26 /* Release */ = {
			isa = XCBuildConfiguration;
			buildSettings = {
				ALWAYS_EMBED_SWIFT_STANDARD_LIBRARIES = YES;
				BUNDLE_LOADER = "$(TEST_HOST)";
				CODE_SIGN_STYLE = Automatic;
				CURRENT_PROJECT_VERSION = 1;
				DEVELOPMENT_TEAM = P83R9MUUYN;
				GENERATE_INFOPLIST_FILE = YES;
				IPHONEOS_DEPLOYMENT_TARGET = 15.0;
				LD_RUNPATH_SEARCH_PATHS = (
					"$(inherited)",
					"@executable_path/Frameworks",
					"@loader_path/Frameworks",
				);
				MARKETING_VERSION = 1.0;
				PRODUCT_BUNDLE_IDENTIFIER = "se.dagan.ovn-v9Tests";
				PRODUCT_NAME = "$(TARGET_NAME)";
				SWIFT_EMIT_LOC_STRINGS = NO;
				SWIFT_VERSION = 5.0;
				TARGETED_DEVICE_FAMILY = "1,2";
				TEST_HOST = "$(BUILT_PRODUCTS_DIR)/ovn_v9.app/ovn_v9";
			};
			name = Release;
		};
		CBE89BAF2731D70900B39B26 /* Debug */ = {
			isa = XCBuildConfiguration;
			buildSettings = {
				ALWAYS_EMBED_SWIFT_STANDARD_LIBRARIES = YES;
				CODE_SIGN_STYLE = Automatic;
				CURRENT_PROJECT_VERSION = 1;
				DEVELOPMENT_TEAM = P83R9MUUYN;
				GENERATE_INFOPLIST_FILE = YES;
				LD_RUNPATH_SEARCH_PATHS = (
					"$(inherited)",
					"@executable_path/Frameworks",
					"@loader_path/Frameworks",
				);
				MARKETING_VERSION = 1.0;
				PRODUCT_BUNDLE_IDENTIFIER = "se.dagan.ovn-v9UITests";
				PRODUCT_NAME = "$(TARGET_NAME)";
				SWIFT_EMIT_LOC_STRINGS = NO;
				SWIFT_VERSION = 5.0;
				TARGETED_DEVICE_FAMILY = "1,2";
				TEST_TARGET_NAME = ovn_v9;
			};
			name = Debug;
		};
		CBE89BB02731D70900B39B26 /* Release */ = {
			isa = XCBuildConfiguration;
			buildSettings = {
				ALWAYS_EMBED_SWIFT_STANDARD_LIBRARIES = YES;
				CODE_SIGN_STYLE = Automatic;
				CURRENT_PROJECT_VERSION = 1;
				DEVELOPMENT_TEAM = P83R9MUUYN;
				GENERATE_INFOPLIST_FILE = YES;
				LD_RUNPATH_SEARCH_PATHS = (
					"$(inherited)",
					"@executable_path/Frameworks",
					"@loader_path/Frameworks",
				);
				MARKETING_VERSION = 1.0;
				PRODUCT_BUNDLE_IDENTIFIER = "se.dagan.ovn-v9UITests";
				PRODUCT_NAME = "$(TARGET_NAME)";
				SWIFT_EMIT_LOC_STRINGS = NO;
				SWIFT_VERSION = 5.0;
				TARGETED_DEVICE_FAMILY = "1,2";
				TEST_TARGET_NAME = ovn_v9;
			};
			name = Release;
		};
/* End XCBuildConfiguration section */

/* Begin XCConfigurationList section */
		CBE89B7F2731D70600B39B26 /* Build configuration list for PBXProject "ovn_v9" */ = {
			isa = XCConfigurationList;
			buildConfigurations = (
				CBE89BA62731D70900B39B26 /* Debug */,
				CBE89BA72731D70900B39B26 /* Release */,
			);
			defaultConfigurationIsVisible = 0;
			defaultConfigurationName = Release;
		};
		CBE89BA82731D70900B39B26 /* Build configuration list for PBXNativeTarget "ovn_v9" */ = {
			isa = XCConfigurationList;
			buildConfigurations = (
				CBE89BA92731D70900B39B26 /* Debug */,
				CBE89BAA2731D70900B39B26 /* Release */,
			);
			defaultConfigurationIsVisible = 0;
			defaultConfigurationName = Release;
		};
		CBE89BAB2731D70900B39B26 /* Build configuration list for PBXNativeTarget "ovn_v9Tests" */ = {
			isa = XCConfigurationList;
			buildConfigurations = (
				CBE89BAC2731D70900B39B26 /* Debug */,
				CBE89BAD2731D70900B39B26 /* Release */,
			);
			defaultConfigurationIsVisible = 0;
			defaultConfigurationName = Release;
		};
		CBE89BAE2731D70900B39B26 /* Build configuration list for PBXNativeTarget "ovn_v9UITests" */ = {
			isa = XCConfigurationList;
			buildConfigurations = (
				CBE89BAF2731D70900B39B26 /* Debug */,
				CBE89BB02731D70900B39B26 /* Release */,
			);
			defaultConfigurationIsVisible = 0;
			defaultConfigurationName = Release;
		};
/* End XCConfigurationList section */
	};
	rootObject = CBE89B7C2731D70600B39B26 /* Project object */;
}
